
Microsoft Visual Studio Solution File, Format Version 12.00
# Visual Studio Version 16
VisualStudioVersion = 16.0.30114.105
MinimumVisualStudioVersion = 10.0.40219.1
Project("{FAE04EC0-301F-11D3-BF4B-00C04F79EFBC}") = "poshtar", "poshtar\poshtar.csproj", "{8871B820-E403-47C5-AB97-08D096228B58}"
EndProject
Project("{FAE04EC0-301F-11D3-BF4B-00C04F79EFBC}") = "tester", "tester\tester.csproj", "{8E8F96D2-A70B-47A3-8CD6-5C5F8F5F5AFF}"
EndProject
Global
	GlobalSection(SolutionConfigurationPlatforms) = preSolution
		Debug|Any CPU = Debug|Any CPU
		Release|Any CPU = Release|Any CPU
	EndGlobalSection
	GlobalSection(SolutionProperties) = preSolution
		HideSolutionNode = FALSE
	EndGlobalSection
	GlobalSection(ProjectConfigurationPlatforms) = postSolution
		{8871B820-E403-47C5-AB97-08D096228B58}.Debug|Any CPU.ActiveCfg = Debug|Any CPU
		{8871B820-E403-47C5-AB97-08D096228B58}.Debug|Any CPU.Build.0 = Debug|Any CPU
		{8871B820-E403-47C5-AB97-08D096228B58}.Release|Any CPU.ActiveCfg = Release|Any CPU
		{8871B820-E403-47C5-AB97-08D096228B58}.Release|Any CPU.Build.0 = Release|Any CPU
		{8E8F96D2-A70B-47A3-8CD6-5C5F8F5F5AFF}.Debug|Any CPU.ActiveCfg = Debug|Any CPU
		{8E8F96D2-A70B-47A3-8CD6-5C5F8F5F5AFF}.Debug|Any CPU.Build.0 = Debug|Any CPU
		{8E8F96D2-A70B-47A3-8CD6-5C5F8F5F5AFF}.Release|Any CPU.ActiveCfg = Release|Any CPU
		{8E8F96D2-A70B-47A3-8CD6-5C5F8F5F5AFF}.Release|Any CPU.Build.0 = Release|Any CPU
	EndGlobalSection
EndGlobal
